// !$*UTF8*$!
{
	archiveVersion = 1;
	classes = {
	};
	objectVersion = 55;
	objects = {

/* Begin PBXBuildFile section */
		9A6D1D65EB1CC0BD772A045F /* Pods_Selfer.framework in Frameworks */ = {isa = PBXBuildFile; fileRef = D581BF3D1F737FD019D73403 /* Pods_Selfer.framework */; };
		F180031F29A60108000E2E28 /* AppDelegate.swift in Sources */ = {isa = PBXBuildFile; fileRef = F180031E29A60108000E2E28 /* AppDelegate.swift */; };
		F180032129A60108000E2E28 /* SceneDelegate.swift in Sources */ = {isa = PBXBuildFile; fileRef = F180032029A60108000E2E28 /* SceneDelegate.swift */; };
		F180032829A6010A000E2E28 /* Assets.xcassets in Resources */ = {isa = PBXBuildFile; fileRef = F180032729A6010A000E2E28 /* Assets.xcassets */; };
		F180032B29A6010A000E2E28 /* LaunchScreen.storyboard in Resources */ = {isa = PBXBuildFile; fileRef = F180032929A6010A000E2E28 /* LaunchScreen.storyboard */; };
		F180033529A60442000E2E28 /* HomeViewController.swift in Sources */ = {isa = PBXBuildFile; fileRef = F180033429A60442000E2E28 /* HomeViewController.swift */; };
		F180033729A6049D000E2E28 /* HomeViewReactor.swift in Sources */ = {isa = PBXBuildFile; fileRef = F180033629A6049D000E2E28 /* HomeViewReactor.swift */; };
		F180033929A60634000E2E28 /* HomeView.swift in Sources */ = {isa = PBXBuildFile; fileRef = F180033829A60634000E2E28 /* HomeView.swift */; };
		F180033B29A608D3000E2E28 /* HomeQuestionTableViewCell.swift in Sources */ = {isa = PBXBuildFile; fileRef = F180033A29A608D3000E2E28 /* HomeQuestionTableViewCell.swift */; };
		F180033D29A60B29000E2E28 /* HomeSection.swift in Sources */ = {isa = PBXBuildFile; fileRef = F180033C29A60B29000E2E28 /* HomeSection.swift */; };
		F180034029A60C6E000E2E28 /* Loadable.swift in Sources */ = {isa = PBXBuildFile; fileRef = F180033F29A60C6E000E2E28 /* Loadable.swift */; };
		F180034229A60CD9000E2E28 /* UITableView+.swift in Sources */ = {isa = PBXBuildFile; fileRef = F180034129A60CD9000E2E28 /* UITableView+.swift */; };
		F180034429A60CE7000E2E28 /* UITableView+Rx.swift in Sources */ = {isa = PBXBuildFile; fileRef = F180034329A60CE7000E2E28 /* UITableView+Rx.swift */; };
		F180034629A60CF5000E2E28 /* UICollectionView+.swift in Sources */ = {isa = PBXBuildFile; fileRef = F180034529A60CF5000E2E28 /* UICollectionView+.swift */; };
		F180034829A60D04000E2E28 /* UICollectionView+Rx.swift in Sources */ = {isa = PBXBuildFile; fileRef = F180034729A60D04000E2E28 /* UICollectionView+Rx.swift */; };
		F180034A29A60D16000E2E28 /* UIViewController+Rx.swift in Sources */ = {isa = PBXBuildFile; fileRef = F180034929A60D16000E2E28 /* UIViewController+Rx.swift */; };
		F180034D29A6153D000E2E28 /* Entity.swift in Sources */ = {isa = PBXBuildFile; fileRef = F180034C29A6153D000E2E28 /* Entity.swift */; };
		F180034F29A61564000E2E28 /* Repository.swift in Sources */ = {isa = PBXBuildFile; fileRef = F180034E29A61564000E2E28 /* Repository.swift */; };
		F180035229A616B1000E2E28 /* QuestionEntity.swift in Sources */ = {isa = PBXBuildFile; fileRef = F180035129A616B1000E2E28 /* QuestionEntity.swift */; };
		F180035429A6171F000E2E28 /* QuestionObject.swift in Sources */ = {isa = PBXBuildFile; fileRef = F180035329A6171F000E2E28 /* QuestionObject.swift */; };
		F180035629A61834000E2E28 /* QuestionRepository.swift in Sources */ = {isa = PBXBuildFile; fileRef = F180035529A61834000E2E28 /* QuestionRepository.swift */; };
		F180035929A61CDC000E2E28 /* QuestionCreateViewController.swift in Sources */ = {isa = PBXBuildFile; fileRef = F180035829A61CDC000E2E28 /* QuestionCreateViewController.swift */; };
		F180035D29A61E69000E2E28 /* QuestionCreateViewReactor.swift in Sources */ = {isa = PBXBuildFile; fileRef = F180035C29A61E69000E2E28 /* QuestionCreateViewReactor.swift */; };
		F180035F29A61F95000E2E28 /* QuestionCreateView.swift in Sources */ = {isa = PBXBuildFile; fileRef = F180035E29A61F95000E2E28 /* QuestionCreateView.swift */; };
		F180036529A78A8A000E2E28 /* CommonTextView.swift in Sources */ = {isa = PBXBuildFile; fileRef = F180036429A78A8A000E2E28 /* CommonTextView.swift */; };
/* End PBXBuildFile section */

/* Begin PBXFileReference section */
		53DA460E560CEEDC3FDA43E9 /* Pods-Selfer.release.xcconfig */ = {isa = PBXFileReference; includeInIndex = 1; lastKnownFileType = text.xcconfig; name = "Pods-Selfer.release.xcconfig"; path = "Target Support Files/Pods-Selfer/Pods-Selfer.release.xcconfig"; sourceTree = "<group>"; };
		D581BF3D1F737FD019D73403 /* Pods_Selfer.framework */ = {isa = PBXFileReference; explicitFileType = wrapper.framework; includeInIndex = 0; path = Pods_Selfer.framework; sourceTree = BUILT_PRODUCTS_DIR; };
		F180031B29A60108000E2E28 /* Selfer.app */ = {isa = PBXFileReference; explicitFileType = wrapper.application; includeInIndex = 0; path = Selfer.app; sourceTree = BUILT_PRODUCTS_DIR; };
		F180031E29A60108000E2E28 /* AppDelegate.swift */ = {isa = PBXFileReference; lastKnownFileType = sourcecode.swift; path = AppDelegate.swift; sourceTree = "<group>"; };
		F180032029A60108000E2E28 /* SceneDelegate.swift */ = {isa = PBXFileReference; lastKnownFileType = sourcecode.swift; path = SceneDelegate.swift; sourceTree = "<group>"; };
		F180032729A6010A000E2E28 /* Assets.xcassets */ = {isa = PBXFileReference; lastKnownFileType = folder.assetcatalog; path = Assets.xcassets; sourceTree = "<group>"; };
		F180032A29A6010A000E2E28 /* Base */ = {isa = PBXFileReference; lastKnownFileType = file.storyboard; name = Base; path = Base.lproj/LaunchScreen.storyboard; sourceTree = "<group>"; };
		F180032C29A6010A000E2E28 /* Info.plist */ = {isa = PBXFileReference; lastKnownFileType = text.plist.xml; path = Info.plist; sourceTree = "<group>"; };
		F180033429A60442000E2E28 /* HomeViewController.swift */ = {isa = PBXFileReference; lastKnownFileType = sourcecode.swift; path = HomeViewController.swift; sourceTree = "<group>"; };
		F180033629A6049D000E2E28 /* HomeViewReactor.swift */ = {isa = PBXFileReference; lastKnownFileType = sourcecode.swift; path = HomeViewReactor.swift; sourceTree = "<group>"; };
		F180033829A60634000E2E28 /* HomeView.swift */ = {isa = PBXFileReference; lastKnownFileType = sourcecode.swift; path = HomeView.swift; sourceTree = "<group>"; };
		F180033A29A608D3000E2E28 /* HomeQuestionTableViewCell.swift */ = {isa = PBXFileReference; lastKnownFileType = sourcecode.swift; path = HomeQuestionTableViewCell.swift; sourceTree = "<group>"; };
		F180033C29A60B29000E2E28 /* HomeSection.swift */ = {isa = PBXFileReference; lastKnownFileType = sourcecode.swift; path = HomeSection.swift; sourceTree = "<group>"; };
		F180033F29A60C6E000E2E28 /* Loadable.swift */ = {isa = PBXFileReference; lastKnownFileType = sourcecode.swift; path = Loadable.swift; sourceTree = "<group>"; };
		F180034129A60CD9000E2E28 /* UITableView+.swift */ = {isa = PBXFileReference; lastKnownFileType = sourcecode.swift; path = "UITableView+.swift"; sourceTree = "<group>"; };
		F180034329A60CE7000E2E28 /* UITableView+Rx.swift */ = {isa = PBXFileReference; lastKnownFileType = sourcecode.swift; path = "UITableView+Rx.swift"; sourceTree = "<group>"; };
		F180034529A60CF5000E2E28 /* UICollectionView+.swift */ = {isa = PBXFileReference; lastKnownFileType = sourcecode.swift; path = "UICollectionView+.swift"; sourceTree = "<group>"; };
		F180034729A60D04000E2E28 /* UICollectionView+Rx.swift */ = {isa = PBXFileReference; lastKnownFileType = sourcecode.swift; path = "UICollectionView+Rx.swift"; sourceTree = "<group>"; };
		F180034929A60D16000E2E28 /* UIViewController+Rx.swift */ = {isa = PBXFileReference; lastKnownFileType = sourcecode.swift; path = "UIViewController+Rx.swift"; sourceTree = "<group>"; };
		F180034C29A6153D000E2E28 /* Entity.swift */ = {isa = PBXFileReference; lastKnownFileType = sourcecode.swift; path = Entity.swift; sourceTree = "<group>"; };
		F180034E29A61564000E2E28 /* Repository.swift */ = {isa = PBXFileReference; lastKnownFileType = sourcecode.swift; path = Repository.swift; sourceTree = "<group>"; };
		F180035129A616B1000E2E28 /* QuestionEntity.swift */ = {isa = PBXFileReference; lastKnownFileType = sourcecode.swift; path = QuestionEntity.swift; sourceTree = "<group>"; };
		F180035329A6171F000E2E28 /* QuestionObject.swift */ = {isa = PBXFileReference; lastKnownFileType = sourcecode.swift; path = QuestionObject.swift; sourceTree = "<group>"; };
		F180035529A61834000E2E28 /* QuestionRepository.swift */ = {isa = PBXFileReference; lastKnownFileType = sourcecode.swift; path = QuestionRepository.swift; sourceTree = "<group>"; };
		F180035829A61CDC000E2E28 /* QuestionCreateViewController.swift */ = {isa = PBXFileReference; lastKnownFileType = sourcecode.swift; path = QuestionCreateViewController.swift; sourceTree = "<group>"; };
		F180035C29A61E69000E2E28 /* QuestionCreateViewReactor.swift */ = {isa = PBXFileReference; lastKnownFileType = sourcecode.swift; path = QuestionCreateViewReactor.swift; sourceTree = "<group>"; };
		F180035E29A61F95000E2E28 /* QuestionCreateView.swift */ = {isa = PBXFileReference; lastKnownFileType = sourcecode.swift; path = QuestionCreateView.swift; sourceTree = "<group>"; };
		F180036429A78A8A000E2E28 /* CommonTextView.swift */ = {isa = PBXFileReference; lastKnownFileType = sourcecode.swift; path = CommonTextView.swift; sourceTree = "<group>"; };
		F968F3DA6E7CD8260C8CB856 /* Pods-Selfer.debug.xcconfig */ = {isa = PBXFileReference; includeInIndex = 1; lastKnownFileType = text.xcconfig; name = "Pods-Selfer.debug.xcconfig"; path = "Target Support Files/Pods-Selfer/Pods-Selfer.debug.xcconfig"; sourceTree = "<group>"; };
/* End PBXFileReference section */

/* Begin PBXFrameworksBuildPhase section */
		F180031829A60108000E2E28 /* Frameworks */ = {
			isa = PBXFrameworksBuildPhase;
			buildActionMask = 2147483647;
			files = (
				9A6D1D65EB1CC0BD772A045F /* Pods_Selfer.framework in Frameworks */,
			);
			runOnlyForDeploymentPostprocessing = 0;
		};
/* End PBXFrameworksBuildPhase section */

/* Begin PBXGroup section */
		A57D6311EC7F38E1B90B4F5A /* Pods */ = {
			isa = PBXGroup;
			children = (
				F968F3DA6E7CD8260C8CB856 /* Pods-Selfer.debug.xcconfig */,
				53DA460E560CEEDC3FDA43E9 /* Pods-Selfer.release.xcconfig */,
			);
			path = Pods;
			sourceTree = "<group>";
		};
		CC263B44A75DBCDDED42AFCB /* Frameworks */ = {
			isa = PBXGroup;
			children = (
				D581BF3D1F737FD019D73403 /* Pods_Selfer.framework */,
			);
			name = Frameworks;
			sourceTree = "<group>";
		};
		F180031229A60108000E2E28 = {
			isa = PBXGroup;
			children = (
				F180031D29A60108000E2E28 /* Selfer */,
				F180031C29A60108000E2E28 /* Products */,
				A57D6311EC7F38E1B90B4F5A /* Pods */,
				CC263B44A75DBCDDED42AFCB /* Frameworks */,
			);
			sourceTree = "<group>";
		};
		F180031C29A60108000E2E28 /* Products */ = {
			isa = PBXGroup;
			children = (
				F180031B29A60108000E2E28 /* Selfer.app */,
			);
			name = Products;
			sourceTree = "<group>";
		};
		F180031D29A60108000E2E28 /* Selfer */ = {
			isa = PBXGroup;
			children = (
				F180031E29A60108000E2E28 /* AppDelegate.swift */,
				F180032029A60108000E2E28 /* SceneDelegate.swift */,
				F180034B29A61524000E2E28 /* Service */,
				F180033E29A60C5B000E2E28 /* Extension */,
				F180036229A78A6C000E2E28 /* Common */,
				F180033329A60438000E2E28 /* Home */,
				F180035729A61C63000E2E28 /* Question */,
				F180032729A6010A000E2E28 /* Assets.xcassets */,
				F180032929A6010A000E2E28 /* LaunchScreen.storyboard */,
				F180032C29A6010A000E2E28 /* Info.plist */,
			);
			path = Selfer;
			sourceTree = "<group>";
		};
		F180033329A60438000E2E28 /* Home */ = {
			isa = PBXGroup;
			children = (
				F180033429A60442000E2E28 /* HomeViewController.swift */,
				F180033629A6049D000E2E28 /* HomeViewReactor.swift */,
				F180033829A60634000E2E28 /* HomeView.swift */,
				F180033C29A60B29000E2E28 /* HomeSection.swift */,
				F180033A29A608D3000E2E28 /* HomeQuestionTableViewCell.swift */,
			);
			path = Home;
			sourceTree = "<group>";
		};
		F180033E29A60C5B000E2E28 /* Extension */ = {
			isa = PBXGroup;
			children = (
				F180033F29A60C6E000E2E28 /* Loadable.swift */,
				F180034129A60CD9000E2E28 /* UITableView+.swift */,
				F180034329A60CE7000E2E28 /* UITableView+Rx.swift */,
				F180034529A60CF5000E2E28 /* UICollectionView+.swift */,
				F180034729A60D04000E2E28 /* UICollectionView+Rx.swift */,
				F180034929A60D16000E2E28 /* UIViewController+Rx.swift */,
			);
			path = Extension;
			sourceTree = "<group>";
		};
		F180034B29A61524000E2E28 /* Service */ = {
			isa = PBXGroup;
			children = (
				F180034C29A6153D000E2E28 /* Entity.swift */,
				F180034E29A61564000E2E28 /* Repository.swift */,
				F180035029A616A8000E2E28 /* Question */,
			);
			path = Service;
			sourceTree = "<group>";
		};
		F180035029A616A8000E2E28 /* Question */ = {
			isa = PBXGroup;
			children = (
				F180035129A616B1000E2E28 /* QuestionEntity.swift */,
				F180035329A6171F000E2E28 /* QuestionObject.swift */,
				F180035529A61834000E2E28 /* QuestionRepository.swift */,
			);
			path = Question;
			sourceTree = "<group>";
		};
		F180035729A61C63000E2E28 /* Question */ = {
			isa = PBXGroup;
			children = (
				F180035A29A61D23000E2E28 /* Create */,
			);
			path = Question;
			sourceTree = "<group>";
		};
		F180035A29A61D23000E2E28 /* Create */ = {
			isa = PBXGroup;
			children = (
				F180035829A61CDC000E2E28 /* QuestionCreateViewController.swift */,
				F180035C29A61E69000E2E28 /* QuestionCreateViewReactor.swift */,
				F180035E29A61F95000E2E28 /* QuestionCreateView.swift */,
			);
			path = Create;
			sourceTree = "<group>";
		};
		F180036229A78A6C000E2E28 /* Common */ = {
			isa = PBXGroup;
			children = (
				F180036329A78A74000E2E28 /* View */,
			);
			path = Common;
			sourceTree = "<group>";
		};
		F180036329A78A74000E2E28 /* View */ = {
			isa = PBXGroup;
			children = (
				F180036429A78A8A000E2E28 /* CommonTextView.swift */,
			);
			path = View;
			sourceTree = "<group>";
		};
/* End PBXGroup section */

/* Begin PBXNativeTarget section */
		F180031A29A60108000E2E28 /* Selfer */ = {
			isa = PBXNativeTarget;
			buildConfigurationList = F180032F29A6010A000E2E28 /* Build configuration list for PBXNativeTarget "Selfer" */;
			buildPhases = (
				F29C008F6464B210C779BA45 /* [CP] Check Pods Manifest.lock */,
				F180031729A60108000E2E28 /* Sources */,
				F180031829A60108000E2E28 /* Frameworks */,
				F180031929A60108000E2E28 /* Resources */,
				2204D8D974F8A78A5E163B77 /* [CP] Embed Pods Frameworks */,
			);
			buildRules = (
			);
			dependencies = (
			);
			name = Selfer;
			productName = Selfer;
			productReference = F180031B29A60108000E2E28 /* Selfer.app */;
			productType = "com.apple.product-type.application";
		};
/* End PBXNativeTarget section */

/* Begin PBXProject section */
		F180031329A60108000E2E28 /* Project object */ = {
			isa = PBXProject;
			attributes = {
				BuildIndependentTargetsInParallel = 1;
				LastSwiftUpdateCheck = 1320;
				LastUpgradeCheck = 1320;
				TargetAttributes = {
					F180031A29A60108000E2E28 = {
						CreatedOnToolsVersion = 13.2;
					};
				};
			};
			buildConfigurationList = F180031629A60108000E2E28 /* Build configuration list for PBXProject "Selfer" */;
			compatibilityVersion = "Xcode 13.0";
			developmentRegion = en;
			hasScannedForEncodings = 0;
			knownRegions = (
				en,
				Base,
			);
			mainGroup = F180031229A60108000E2E28;
			productRefGroup = F180031C29A60108000E2E28 /* Products */;
			projectDirPath = "";
			projectRoot = "";
			targets = (
				F180031A29A60108000E2E28 /* Selfer */,
			);
		};
/* End PBXProject section */

/* Begin PBXResourcesBuildPhase section */
		F180031929A60108000E2E28 /* Resources */ = {
			isa = PBXResourcesBuildPhase;
			buildActionMask = 2147483647;
			files = (
				F180032B29A6010A000E2E28 /* LaunchScreen.storyboard in Resources */,
				F180032829A6010A000E2E28 /* Assets.xcassets in Resources */,
			);
			runOnlyForDeploymentPostprocessing = 0;
		};
/* End PBXResourcesBuildPhase section */

/* Begin PBXShellScriptBuildPhase section */
		2204D8D974F8A78A5E163B77 /* [CP] Embed Pods Frameworks */ = {
			isa = PBXShellScriptBuildPhase;
			buildActionMask = 2147483647;
			files = (
			);
			inputFileListPaths = (
				"${PODS_ROOT}/Target Support Files/Pods-Selfer/Pods-Selfer-frameworks-${CONFIGURATION}-input-files.xcfilelist",
			);
			name = "[CP] Embed Pods Frameworks";
			outputFileListPaths = (
				"${PODS_ROOT}/Target Support Files/Pods-Selfer/Pods-Selfer-frameworks-${CONFIGURATION}-output-files.xcfilelist",
			);
			runOnlyForDeploymentPostprocessing = 0;
			shellPath = /bin/sh;
			shellScript = "\"${PODS_ROOT}/Target Support Files/Pods-Selfer/Pods-Selfer-frameworks.sh\"\n";
			showEnvVarsInLog = 0;
		};
		F29C008F6464B210C779BA45 /* [CP] Check Pods Manifest.lock */ = {
			isa = PBXShellScriptBuildPhase;
			buildActionMask = 2147483647;
			files = (
			);
			inputFileListPaths = (
			);
			inputPaths = (
				"${PODS_PODFILE_DIR_PATH}/Podfile.lock",
				"${PODS_ROOT}/Manifest.lock",
			);
			name = "[CP] Check Pods Manifest.lock";
			outputFileListPaths = (
			);
			outputPaths = (
				"$(DERIVED_FILE_DIR)/Pods-Selfer-checkManifestLockResult.txt",
			);
			runOnlyForDeploymentPostprocessing = 0;
			shellPath = /bin/sh;
			shellScript = "diff \"${PODS_PODFILE_DIR_PATH}/Podfile.lock\" \"${PODS_ROOT}/Manifest.lock\" > /dev/null\nif [ $? != 0 ] ; then\n    # print error to STDERR\n    echo \"error: The sandbox is not in sync with the Podfile.lock. Run 'pod install' or update your CocoaPods installation.\" >&2\n    exit 1\nfi\n# This output is used by Xcode 'outputs' to avoid re-running this script phase.\necho \"SUCCESS\" > \"${SCRIPT_OUTPUT_FILE_0}\"\n";
			showEnvVarsInLog = 0;
		};
/* End PBXShellScriptBuildPhase section */

/* Begin PBXSourcesBuildPhase section */
		F180031729A60108000E2E28 /* Sources */ = {
			isa = PBXSourcesBuildPhase;
			buildActionMask = 2147483647;
			files = (
				F180033729A6049D000E2E28 /* HomeViewReactor.swift in Sources */,
				F180036529A78A8A000E2E28 /* CommonTextView.swift in Sources */,
				F180034429A60CE7000E2E28 /* UITableView+Rx.swift in Sources */,
				F180034F29A61564000E2E28 /* Repository.swift in Sources */,
				F180035F29A61F95000E2E28 /* QuestionCreateView.swift in Sources */,
				F180034D29A6153D000E2E28 /* Entity.swift in Sources */,
				F180035229A616B1000E2E28 /* QuestionEntity.swift in Sources */,
				F180035D29A61E69000E2E28 /* QuestionCreateViewReactor.swift in Sources */,
				F180034629A60CF5000E2E28 /* UICollectionView+.swift in Sources */,
				F180031F29A60108000E2E28 /* AppDelegate.swift in Sources */,
				F180035629A61834000E2E28 /* QuestionRepository.swift in Sources */,
				F180033B29A608D3000E2E28 /* HomeQuestionTableViewCell.swift in Sources */,
				F180034229A60CD9000E2E28 /* UITableView+.swift in Sources */,
				F180034A29A60D16000E2E28 /* UIViewController+Rx.swift in Sources */,
				F180035429A6171F000E2E28 /* QuestionObject.swift in Sources */,
				F180034829A60D04000E2E28 /* UICollectionView+Rx.swift in Sources */,
				F180034029A60C6E000E2E28 /* Loadable.swift in Sources */,
				F180032129A60108000E2E28 /* SceneDelegate.swift in Sources */,
				F180033D29A60B29000E2E28 /* HomeSection.swift in Sources */,
				F180035929A61CDC000E2E28 /* QuestionCreateViewController.swift in Sources */,
				F180033929A60634000E2E28 /* HomeView.swift in Sources */,
				F180033529A60442000E2E28 /* HomeViewController.swift in Sources */,
			);
			runOnlyForDeploymentPostprocessing = 0;
		};
/* End PBXSourcesBuildPhase section */

/* Begin PBXVariantGroup section */
		F180032929A6010A000E2E28 /* LaunchScreen.storyboard */ = {
			isa = PBXVariantGroup;
			children = (
				F180032A29A6010A000E2E28 /* Base */,
			);
			name = LaunchScreen.storyboard;
			sourceTree = "<group>";
		};
/* End PBXVariantGroup section */

/* Begin XCBuildConfiguration section */
		F180032D29A6010A000E2E28 /* Debug */ = {
			isa = XCBuildConfiguration;
			buildSettings = {
				ALWAYS_SEARCH_USER_PATHS = NO;
				CLANG_ANALYZER_NONNULL = YES;
				CLANG_ANALYZER_NUMBER_OBJECT_CONVERSION = YES_AGGRESSIVE;
				CLANG_CXX_LANGUAGE_STANDARD = "gnu++17";
				CLANG_CXX_LIBRARY = "libc++";
				CLANG_ENABLE_MODULES = YES;
				CLANG_ENABLE_OBJC_ARC = YES;
				CLANG_ENABLE_OBJC_WEAK = YES;
				CLANG_WARN_BLOCK_CAPTURE_AUTORELEASING = YES;
				CLANG_WARN_BOOL_CONVERSION = YES;
				CLANG_WARN_COMMA = YES;
				CLANG_WARN_CONSTANT_CONVERSION = YES;
				CLANG_WARN_DEPRECATED_OBJC_IMPLEMENTATIONS = YES;
				CLANG_WARN_DIRECT_OBJC_ISA_USAGE = YES_ERROR;
				CLANG_WARN_DOCUMENTATION_COMMENTS = YES;
				CLANG_WARN_EMPTY_BODY = YES;
				CLANG_WARN_ENUM_CONVERSION = YES;
				CLANG_WARN_INFINITE_RECURSION = YES;
				CLANG_WARN_INT_CONVERSION = YES;
				CLANG_WARN_NON_LITERAL_NULL_CONVERSION = YES;
				CLANG_WARN_OBJC_IMPLICIT_RETAIN_SELF = YES;
				CLANG_WARN_OBJC_LITERAL_CONVERSION = YES;
				CLANG_WARN_OBJC_ROOT_CLASS = YES_ERROR;
				CLANG_WARN_QUOTED_INCLUDE_IN_FRAMEWORK_HEADER = YES;
				CLANG_WARN_RANGE_LOOP_ANALYSIS = YES;
				CLANG_WARN_STRICT_PROTOTYPES = YES;
				CLANG_WARN_SUSPICIOUS_MOVE = YES;
				CLANG_WARN_UNGUARDED_AVAILABILITY = YES_AGGRESSIVE;
				CLANG_WARN_UNREACHABLE_CODE = YES;
				CLANG_WARN__DUPLICATE_METHOD_MATCH = YES;
				COPY_PHASE_STRIP = NO;
				DEBUG_INFORMATION_FORMAT = dwarf;
				ENABLE_STRICT_OBJC_MSGSEND = YES;
				ENABLE_TESTABILITY = YES;
				GCC_C_LANGUAGE_STANDARD = gnu11;
				GCC_DYNAMIC_NO_PIC = NO;
				GCC_NO_COMMON_BLOCKS = YES;
				GCC_OPTIMIZATION_LEVEL = 0;
				GCC_PREPROCESSOR_DEFINITIONS = (
					"DEBUG=1",
					"$(inherited)",
				);
				GCC_WARN_64_TO_32_BIT_CONVERSION = YES;
				GCC_WARN_ABOUT_RETURN_TYPE = YES_ERROR;
				GCC_WARN_UNDECLARED_SELECTOR = YES;
				GCC_WARN_UNINITIALIZED_AUTOS = YES_AGGRESSIVE;
				GCC_WARN_UNUSED_FUNCTION = YES;
				GCC_WARN_UNUSED_VARIABLE = YES;
				IPHONEOS_DEPLOYMENT_TARGET = 15.2;
				MTL_ENABLE_DEBUG_INFO = INCLUDE_SOURCE;
				MTL_FAST_MATH = YES;
				ONLY_ACTIVE_ARCH = YES;
				SDKROOT = iphoneos;
				SWIFT_ACTIVE_COMPILATION_CONDITIONS = DEBUG;
				SWIFT_OPTIMIZATION_LEVEL = "-Onone";
			};
			name = Debug;
		};
		F180032E29A6010A000E2E28 /* Release */ = {
			isa = XCBuildConfiguration;
			buildSettings = {
				ALWAYS_SEARCH_USER_PATHS = NO;
				CLANG_ANALYZER_NONNULL = YES;
				CLANG_ANALYZER_NUMBER_OBJECT_CONVERSION = YES_AGGRESSIVE;
				CLANG_CXX_LANGUAGE_STANDARD = "gnu++17";
				CLANG_CXX_LIBRARY = "libc++";
				CLANG_ENABLE_MODULES = YES;
				CLANG_ENABLE_OBJC_ARC = YES;
				CLANG_ENABLE_OBJC_WEAK = YES;
				CLANG_WARN_BLOCK_CAPTURE_AUTORELEASING = YES;
				CLANG_WARN_BOOL_CONVERSION = YES;
				CLANG_WARN_COMMA = YES;
				CLANG_WARN_CONSTANT_CONVERSION = YES;
				CLANG_WARN_DEPRECATED_OBJC_IMPLEMENTATIONS = YES;
				CLANG_WARN_DIRECT_OBJC_ISA_USAGE = YES_ERROR;
				CLANG_WARN_DOCUMENTATION_COMMENTS = YES;
				CLANG_WARN_EMPTY_BODY = YES;
				CLANG_WARN_ENUM_CONVERSION = YES;
				CLANG_WARN_INFINITE_RECURSION = YES;
				CLANG_WARN_INT_CONVERSION = YES;
				CLANG_WARN_NON_LITERAL_NULL_CONVERSION = YES;
				CLANG_WARN_OBJC_IMPLICIT_RETAIN_SELF = YES;
				CLANG_WARN_OBJC_LITERAL_CONVERSION = YES;
				CLANG_WARN_OBJC_ROOT_CLASS = YES_ERROR;
				CLANG_WARN_QUOTED_INCLUDE_IN_FRAMEWORK_HEADER = YES;
				CLANG_WARN_RANGE_LOOP_ANALYSIS = YES;
				CLANG_WARN_STRICT_PROTOTYPES = YES;
				CLANG_WARN_SUSPICIOUS_MOVE = YES;
				CLANG_WARN_UNGUARDED_AVAILABILITY = YES_AGGRESSIVE;
				CLANG_WARN_UNREACHABLE_CODE = YES;
				CLANG_WARN__DUPLICATE_METHOD_MATCH = YES;
				COPY_PHASE_STRIP = NO;
				DEBUG_INFORMATION_FORMAT = "dwarf-with-dsym";
				ENABLE_NS_ASSERTIONS = NO;
				ENABLE_STRICT_OBJC_MSGSEND = YES;
				GCC_C_LANGUAGE_STANDARD = gnu11;
				GCC_NO_COMMON_BLOCKS = YES;
				GCC_WARN_64_TO_32_BIT_CONVERSION = YES;
				GCC_WARN_ABOUT_RETURN_TYPE = YES_ERROR;
				GCC_WARN_UNDECLARED_SELECTOR = YES;
				GCC_WARN_UNINITIALIZED_AUTOS = YES_AGGRESSIVE;
				GCC_WARN_UNUSED_FUNCTION = YES;
				GCC_WARN_UNUSED_VARIABLE = YES;
				IPHONEOS_DEPLOYMENT_TARGET = 15.2;
				MTL_ENABLE_DEBUG_INFO = NO;
				MTL_FAST_MATH = YES;
				SDKROOT = iphoneos;
				SWIFT_COMPILATION_MODE = wholemodule;
				SWIFT_OPTIMIZATION_LEVEL = "-O";
				VALIDATE_PRODUCT = YES;
			};
			name = Release;
		};
		F180033029A6010A000E2E28 /* Debug */ = {
			isa = XCBuildConfiguration;
			baseConfigurationReference = F968F3DA6E7CD8260C8CB856 /* Pods-Selfer.debug.xcconfig */;
			buildSettings = {
				ASSETCATALOG_COMPILER_APPICON_NAME = AppIcon;
				ASSETCATALOG_COMPILER_GLOBAL_ACCENT_COLOR_NAME = AccentColor;
				CODE_SIGN_STYLE = Automatic;
				CURRENT_PROJECT_VERSION = 1;
				DEVELOPMENT_TEAM = 62ZLDXLZ77;
				GENERATE_INFOPLIST_FILE = YES;
				INFOPLIST_FILE = Selfer/Info.plist;
				INFOPLIST_KEY_UIApplicationSupportsIndirectInputEvents = YES;
				INFOPLIST_KEY_UILaunchStoryboardName = LaunchScreen;
				INFOPLIST_KEY_UISupportedInterfaceOrientations_iPad = "UIInterfaceOrientationPortrait UIInterfaceOrientationPortraitUpsideDown UIInterfaceOrientationLandscapeLeft UIInterfaceOrientationLandscapeRight";
				INFOPLIST_KEY_UISupportedInterfaceOrientations_iPhone = "UIInterfaceOrientationPortrait UIInterfaceOrientationLandscapeLeft UIInterfaceOrientationLandscapeRight";
				IPHONEOS_DEPLOYMENT_TARGET = 13.0;
				LD_RUNPATH_SEARCH_PATHS = (
					"$(inherited)",
					"@executable_path/Frameworks",
				);
				MARKETING_VERSION = 1.0;
				PRODUCT_BUNDLE_IDENTIFIER = hogumachu.Selfer;
				PRODUCT_NAME = "$(TARGET_NAME)";
				SWIFT_EMIT_LOC_STRINGS = YES;
				SWIFT_VERSION = 5.0;
				TARGETED_DEVICE_FAMILY = "1,2";
			};
			name = Debug;
		};
		F180033129A6010A000E2E28 /* Release */ = {
			isa = XCBuildConfiguration;
			baseConfigurationReference = 53DA460E560CEEDC3FDA43E9 /* Pods-Selfer.release.xcconfig */;
			buildSettings = {
				ASSETCATALOG_COMPILER_APPICON_NAME = AppIcon;
				ASSETCATALOG_COMPILER_GLOBAL_ACCENT_COLOR_NAME = AccentColor;
				CODE_SIGN_STYLE = Automatic;
				CURRENT_PROJECT_VERSION = 1;
				DEVELOPMENT_TEAM = 62ZLDXLZ77;
				GENERATE_INFOPLIST_FILE = YES;
				INFOPLIST_FILE = Selfer/Info.plist;
				INFOPLIST_KEY_UIApplicationSupportsIndirectInputEvents = YES;
				INFOPLIST_KEY_UILaunchStoryboardName = LaunchScreen;
				INFOPLIST_KEY_UISupportedInterfaceOrientations_iPad = "UIInterfaceOrientationPortrait UIInterfaceOrientationPortraitUpsideDown UIInterfaceOrientationLandscapeLeft UIInterfaceOrientationLandscapeRight";
				INFOPLIST_KEY_UISupportedInterfaceOrientations_iPhone = "UIInterfaceOrientationPortrait UIInterfaceOrientationLandscapeLeft UIInterfaceOrientationLandscapeRight";
				IPHONEOS_DEPLOYMENT_TARGET = 13.0;
				LD_RUNPATH_SEARCH_PATHS = (
					"$(inherited)",
					"@executable_path/Frameworks",
				);
				MARKETING_VERSION = 1.0;
				PRODUCT_BUNDLE_IDENTIFIER = hogumachu.Selfer;
				PRODUCT_NAME = "$(TARGET_NAME)";
				SWIFT_EMIT_LOC_STRINGS = YES;
				SWIFT_VERSION = 5.0;
				TARGETED_DEVICE_FAMILY = "1,2";
			};
			name = Release;
		};
/* End XCBuildConfiguration section */

/* Begin XCConfigurationList section */
		F180031629A60108000E2E28 /* Build configuration list for PBXProject "Selfer" */ = {
			isa = XCConfigurationList;
			buildConfigurations = (
				F180032D29A6010A000E2E28 /* Debug */,
				F180032E29A6010A000E2E28 /* Release */,
			);
			defaultConfigurationIsVisible = 0;
			defaultConfigurationName = Release;
		};
		F180032F29A6010A000E2E28 /* Build configuration list for PBXNativeTarget "Selfer" */ = {
			isa = XCConfigurationList;
			buildConfigurations = (
				F180033029A6010A000E2E28 /* Debug */,
				F180033129A6010A000E2E28 /* Release */,
			);
			defaultConfigurationIsVisible = 0;
			defaultConfigurationName = Release;
		};
/* End XCConfigurationList section */
	};
	rootObject = F180031329A60108000E2E28 /* Project object */;
}
